// !$*UTF8*$!
{
	archiveVersion = 1;
	classes = {
	};
	objectVersion = 46;
	objects = {

/* Begin PBXBuildFile section */
		3A20C71A1B6DDB17004563DA /* AppDelegate.swift in Sources */ = {isa = PBXBuildFile; fileRef = 3A20C7191B6DDB17004563DA /* AppDelegate.swift */; };
		3A20C71C1B6DDB17004563DA /* ViewController.swift in Sources */ = {isa = PBXBuildFile; fileRef = 3A20C71B1B6DDB17004563DA /* ViewController.swift */; };
		3A20C71F1B6DDB17004563DA /* Main.storyboard in Resources */ = {isa = PBXBuildFile; fileRef = 3A20C71D1B6DDB17004563DA /* Main.storyboard */; };
		3A20C7211B6DDB17004563DA /* Images.xcassets in Resources */ = {isa = PBXBuildFile; fileRef = 3A20C7201B6DDB17004563DA /* Images.xcassets */; };
		3A20C7241B6DDB17004563DA /* LaunchScreen.xib in Resources */ = {isa = PBXBuildFile; fileRef = 3A20C7221B6DDB17004563DA /* LaunchScreen.xib */; };
		3A20C7301B6DDB17004563DA /* XMLParsingTests.swift in Sources */ = {isa = PBXBuildFile; fileRef = 3A20C72F1B6DDB17004563DA /* XMLParsingTests.swift */; };
/* End PBXBuildFile section */

/* Begin PBXContainerItemProxy section */
		3A20C72A1B6DDB17004563DA /* PBXContainerItemProxy */ = {
			isa = PBXContainerItemProxy;
			containerPortal = 3A20C70C1B6DDB17004563DA /* Project object */;
			proxyType = 1;
			remoteGlobalIDString = 3A20C7131B6DDB17004563DA;
			remoteInfo = XMLParsing;
		};
/* End PBXContainerItemProxy section */

/* Begin PBXFileReference section */
		3A20C7141B6DDB17004563DA /* XMLParsing.app */ = {isa = PBXFileReference; explicitFileType = wrapper.application; includeInIndex = 0; path = XMLParsing.app; sourceTree = BUILT_PRODUCTS_DIR; };
		3A20C7181B6DDB17004563DA /* Info.plist */ = {isa = PBXFileReference; lastKnownFileType = text.plist.xml; path = Info.plist; sourceTree = "<group>"; };
		3A20C7191B6DDB17004563DA /* AppDelegate.swift */ = {isa = PBXFileReference; lastKnownFileType = sourcecode.swift; path = AppDelegate.swift; sourceTree = "<group>"; };
		3A20C71B1B6DDB17004563DA /* ViewController.swift */ = {isa = PBXFileReference; lastKnownFileType = sourcecode.swift; path = ViewController.swift; sourceTree = "<group>"; };
		3A20C71E1B6DDB17004563DA /* Base */ = {isa = PBXFileReference; lastKnownFileType = file.storyboard; name = Base; path = Base.lproj/Main.storyboard; sourceTree = "<group>"; };
		3A20C7201B6DDB17004563DA /* Images.xcassets */ = {isa = PBXFileReference; lastKnownFileType = folder.assetcatalog; path = Images.xcassets; sourceTree = "<group>"; };
		3A20C7231B6DDB17004563DA /* Base */ = {isa = PBXFileReference; lastKnownFileType = file.xib; name = Base; path = Base.lproj/LaunchScreen.xib; sourceTree = "<group>"; };
		3A20C7291B6DDB17004563DA /* XMLParsingTests.xctest */ = {isa = PBXFileReference; explicitFileType = wrapper.cfbundle; includeInIndex = 0; path = XMLParsingTests.xctest; sourceTree = BUILT_PRODUCTS_DIR; };
		3A20C72E1B6DDB17004563DA /* Info.plist */ = {isa = PBXFileReference; lastKnownFileType = text.plist.xml; path = Info.plist; sourceTree = "<group>"; };
		3A20C72F1B6DDB17004563DA /* XMLParsingTests.swift */ = {isa = PBXFileReference; lastKnownFileType = sourcecode.swift; path = XMLParsingTests.swift; sourceTree = "<group>"; };
/* End PBXFileReference section */

/* Begin PBXFrameworksBuildPhase section */
		3A20C7111B6DDB17004563DA /* Frameworks */ = {
			isa = PBXFrameworksBuildPhase;
			buildActionMask = 2147483647;
			files = (
			);
			runOnlyForDeploymentPostprocessing = 0;
		};
		3A20C7261B6DDB17004563DA /* Frameworks */ = {
			isa = PBXFrameworksBuildPhase;
			buildActionMask = 2147483647;
			files = (
			);
			runOnlyForDeploymentPostprocessing = 0;
		};
/* End PBXFrameworksBuildPhase section */

/* Begin PBXGroup section */
		3A20C70B1B6DDB17004563DA = {
			isa = PBXGroup;
			children = (
				3A20C7161B6DDB17004563DA /* XMLParsing */,
				3A20C72C1B6DDB17004563DA /* XMLParsingTests */,
				3A20C7151B6DDB17004563DA /* Products */,
			);
			sourceTree = "<group>";
		};
		3A20C7151B6DDB17004563DA /* Products */ = {
			isa = PBXGroup;
			children = (
				3A20C7141B6DDB17004563DA /* XMLParsing.app */,
				3A20C7291B6DDB17004563DA /* XMLParsingTests.xctest */,
			);
			name = Products;
			sourceTree = "<group>";
		};
		3A20C7161B6DDB17004563DA /* XMLParsing */ = {
			isa = PBXGroup;
			children = (
				3A20C7191B6DDB17004563DA /* AppDelegate.swift */,
				3A20C71B1B6DDB17004563DA /* ViewController.swift */,
				3A20C71D1B6DDB17004563DA /* Main.storyboard */,
				3A20C7201B6DDB17004563DA /* Images.xcassets */,
				3A20C7221B6DDB17004563DA /* LaunchScreen.xib */,
				3A20C7171B6DDB17004563DA /* Supporting Files */,
			);
			path = XMLParsing;
			sourceTree = "<group>";
		};
		3A20C7171B6DDB17004563DA /* Supporting Files */ = {
			isa = PBXGroup;
			children = (
				3A20C7181B6DDB17004563DA /* Info.plist */,
			);
			name = "Supporting Files";
			sourceTree = "<group>";
		};
		3A20C72C1B6DDB17004563DA /* XMLParsingTests */ = {
			isa = PBXGroup;
			children = (
				3A20C72F1B6DDB17004563DA /* XMLParsingTests.swift */,
				3A20C72D1B6DDB17004563DA /* Supporting Files */,
			);
			path = XMLParsingTests;
			sourceTree = "<group>";
		};
		3A20C72D1B6DDB17004563DA /* Supporting Files */ = {
			isa = PBXGroup;
			children = (
				3A20C72E1B6DDB17004563DA /* Info.plist */,
			);
			name = "Supporting Files";
			sourceTree = "<group>";
		};
/* End PBXGroup section */

/* Begin PBXNativeTarget section */
		3A20C7131B6DDB17004563DA /* XMLParsing */ = {
			isa = PBXNativeTarget;
			buildConfigurationList = 3A20C7331B6DDB17004563DA /* Build configuration list for PBXNativeTarget "XMLParsing" */;
			buildPhases = (
				3A20C7101B6DDB17004563DA /* Sources */,
				3A20C7111B6DDB17004563DA /* Frameworks */,
				3A20C7121B6DDB17004563DA /* Resources */,
			);
			buildRules = (
			);
			dependencies = (
			);
			name = XMLParsing;
			productName = XMLParsing;
			productReference = 3A20C7141B6DDB17004563DA /* XMLParsing.app */;
			productType = "com.apple.product-type.application";
		};
		3A20C7281B6DDB17004563DA /* XMLParsingTests */ = {
			isa = PBXNativeTarget;
			buildConfigurationList = 3A20C7361B6DDB17004563DA /* Build configuration list for PBXNativeTarget "XMLParsingTests" */;
			buildPhases = (
				3A20C7251B6DDB17004563DA /* Sources */,
				3A20C7261B6DDB17004563DA /* Frameworks */,
				3A20C7271B6DDB17004563DA /* Resources */,
			);
			buildRules = (
			);
			dependencies = (
				3A20C72B1B6DDB17004563DA /* PBXTargetDependency */,
			);
			name = XMLParsingTests;
			productName = XMLParsingTests;
			productReference = 3A20C7291B6DDB17004563DA /* XMLParsingTests.xctest */;
			productType = "com.apple.product-type.bundle.unit-test";
		};
/* End PBXNativeTarget section */

/* Begin PBXProject section */
		3A20C70C1B6DDB17004563DA /* Project object */ = {
			isa = PBXProject;
			attributes = {
				LastUpgradeCheck = 0620;
				ORGANIZATIONNAME = efthemios;
				TargetAttributes = {
					3A20C7131B6DDB17004563DA = {
						CreatedOnToolsVersion = 6.2;
					};
					3A20C7281B6DDB17004563DA = {
						CreatedOnToolsVersion = 6.2;
						TestTargetID = 3A20C7131B6DDB17004563DA;
					};
				};
			};
			buildConfigurationList = 3A20C70F1B6DDB17004563DA /* Build configuration list for PBXProject "XMLParsing" */;
			compatibilityVersion = "Xcode 3.2";
			developmentRegion = English;
			hasScannedForEncodings = 0;
			knownRegions = (
				en,
				Base,
			);
			mainGroup = 3A20C70B1B6DDB17004563DA;
			productRefGroup = 3A20C7151B6DDB17004563DA /* Products */;
			projectDirPath = "";
			projectRoot = "";
			targets = (
				3A20C7131B6DDB17004563DA /* XMLParsing */,
				3A20C7281B6DDB17004563DA /* XMLParsingTests */,
			);
		};
/* End PBXProject section */

/* Begin PBXResourcesBuildPhase section */
		3A20C7121B6DDB17004563DA /* Resources */ = {
			isa = PBXResourcesBuildPhase;
			buildActionMask = 2147483647;
			files = (
				3A20C71F1B6DDB17004563DA /* Main.storyboard in Resources */,
				3A20C7241B6DDB17004563DA /* LaunchScreen.xib in Resources */,
				3A20C7211B6DDB17004563DA /* Images.xcassets in Resources */,
			);
			runOnlyForDeploymentPostprocessing = 0;
		};
		3A20C7271B6DDB17004563DA /* Resources */ = {
			isa = PBXResourcesBuildPhase;
			buildActionMask = 2147483647;
			files = (
			);
			runOnlyForDeploymentPostprocessing = 0;
		};
/* End PBXResourcesBuildPhase section */

/* Begin PBXSourcesBuildPhase section */
		3A20C7101B6DDB17004563DA /* Sources */ = {
			isa = PBXSourcesBuildPhase;
			buildActionMask = 2147483647;
			files = (
				3A20C71C1B6DDB17004563DA /* ViewController.swift in Sources */,
				3A20C71A1B6DDB17004563DA /* AppDelegate.swift in Sources */,
			);
			runOnlyForDeploymentPostprocessing = 0;
		};
		3A20C7251B6DDB17004563DA /* Sources */ = {
			isa = PBXSourcesBuildPhase;
			buildActionMask = 2147483647;
			files = (
				3A20C7301B6DDB17004563DA /* XMLParsingTests.swift in Sources */,
			);
			runOnlyForDeploymentPostprocessing = 0;
		};
/* End PBXSourcesBuildPhase section */

/* Begin PBXTargetDependency section */
		3A20C72B1B6DDB17004563DA /* PBXTargetDependency */ = {
			isa = PBXTargetDependency;
			target = 3A20C7131B6DDB17004563DA /* XMLParsing */;
			targetProxy = 3A20C72A1B6DDB17004563DA /* PBXContainerItemProxy */;
		};
/* End PBXTargetDependency section */

/* Begin PBXVariantGroup section */
		3A20C71D1B6DDB17004563DA /* Main.storyboard */ = {
			isa = PBXVariantGroup;
			children = (
				3A20C71E1B6DDB17004563DA /* Base */,
			);
			name = Main.storyboard;
			sourceTree = "<group>";
		};
		3A20C7221B6DDB17004563DA /* LaunchScreen.xib */ = {
			isa = PBXVariantGroup;
			children = (
				3A20C7231B6DDB17004563DA /* Base */,
			);
			name = LaunchScreen.xib;
			sourceTree = "<group>";
		};
/* End PBXVariantGroup section */

/* Begin XCBuildConfiguration section */
		3A20C7311B6DDB17004563DA /* Debug */ = {
			isa = XCBuildConfiguration;
			buildSettings = {
				ALWAYS_SEARCH_USER_PATHS = NO;
				CLANG_CXX_LANGUAGE_STANDARD = "gnu++0x";
				CLANG_CXX_LIBRARY = "libc++";
				CLANG_ENABLE_MODULES = YES;
				CLANG_ENABLE_OBJC_ARC = YES;
				CLANG_WARN_BOOL_CONVERSION = YES;
				CLANG_WARN_CONSTANT_CONVERSION = YES;
				CLANG_WARN_DIRECT_OBJC_ISA_USAGE = YES_ERROR;
				CLANG_WARN_EMPTY_BODY = YES;
				CLANG_WARN_ENUM_CONVERSION = YES;
				CLANG_WARN_INT_CONVERSION = YES;
				CLANG_WARN_OBJC_ROOT_CLASS = YES_ERROR;
				CLANG_WARN_UNREACHABLE_CODE = YES;
				CLANG_WARN__DUPLICATE_METHOD_MATCH = YES;
				"CODE_SIGN_IDENTITY[sdk=iphoneos*]" = "iPhone Developer";
				COPY_PHASE_STRIP = NO;
				ENABLE_STRICT_OBJC_MSGSEND = YES;
				GCC_C_LANGUAGE_STANDARD = gnu99;
				GCC_DYNAMIC_NO_PIC = NO;
				GCC_OPTIMIZATION_LEVEL = 0;
				GCC_PREPROCESSOR_DEFINITIONS = (
					"DEBUG=1",
					"$(inherited)",
				);
				GCC_SYMBOLS_PRIVATE_EXTERN = NO;
				GCC_WARN_64_TO_32_BIT_CONVERSION = YES;
				GCC_WARN_ABOUT_RETURN_TYPE = YES_ERROR;
				GCC_WARN_UNDECLARED_SELECTOR = YES;
				GCC_WARN_UNINITIALIZED_AUTOS = YES_AGGRESSIVE;
				GCC_WARN_UNUSED_FUNCTION = YES;
				GCC_WARN_UNUSED_VARIABLE = YES;
				IPHONEOS_DEPLOYMENT_TARGET = 8.2;
				MTL_ENABLE_DEBUG_INFO = YES;
				ONLY_ACTIVE_ARCH = YES;
				SDKROOT = iphoneos;
				SWIFT_OPTIMIZATION_LEVEL = "-Onone";
			};
			name = Debug;
		};
		3A20C7321B6DDB17004563DA /* Release */ = {
			isa = XCBuildConfiguration;
			buildSettings = {
				ALWAYS_SEARCH_USER_PATHS = NO;
				CLANG_CXX_LANGUAGE_STANDARD = "gnu++0x";
				CLANG_CXX_LIBRARY = "libc++";
				CLANG_ENABLE_MODULES = YES;
				CLANG_ENABLE_OBJC_ARC = YES;
				CLANG_WARN_BOOL_CONVERSION = YES;
				CLANG_WARN_CONSTANT_CONVERSION = YES;
				CLANG_WARN_DIRECT_OBJC_ISA_USAGE = YES_ERROR;
				CLANG_WARN_EMPTY_BODY = YES;
				CLANG_WARN_ENUM_CONVERSION = YES;
				CLANG_WARN_INT_CONVERSION = YES;
				CLANG_WARN_OBJC_ROOT_CLASS = YES_ERROR;
				CLANG_WARN_UNREACHABLE_CODE = YES;
				CLANG_WARN__DUPLICATE_METHOD_MATCH = YES;
				"CODE_SIGN_IDENTITY[sdk=iphoneos*]" = "iPhone Developer";
				COPY_PHASE_STRIP = NO;
				ENABLE_NS_ASSERTIONS = NO;
				ENABLE_STRICT_OBJC_MSGSEND = YES;
				GCC_C_LANGUAGE_STANDARD = gnu99;
				GCC_WARN_64_TO_32_BIT_CONVERSION = YES;
				GCC_WARN_ABOUT_RETURN_TYPE = YES_ERROR;
				GCC_WARN_UNDECLARED_SELECTOR = YES;
				GCC_WARN_UNINITIALIZED_AUTOS = YES_AGGRESSIVE;
				GCC_WARN_UNUSED_FUNCTION = YES;
				GCC_WARN_UNUSED_VARIABLE = YES;
				IPHONEOS_DEPLOYMENT_TARGET = 8.2;
				MTL_ENABLE_DEBUG_INFO = NO;
				SDKROOT = iphoneos;
				VALIDATE_PRODUCT = YES;
			};
			name = Release;
		};
		3A20C7341B6DDB17004563DA /* Debug */ = {
			isa = XCBuildConfiguration;
			buildSettings = {
				ASSETCATALOG_COMPILER_APPICON_NAME = AppIcon;
				INFOPLIST_FILE = XMLParsing/Info.plist;
				LD_RUNPATH_SEARCH_PATHS = "$(inherited) @executable_path/Frameworks";
				PRODUCT_NAME = "$(TARGET_NAME)";
			};
			name = Debug;
		};
		3A20C7351B6DDB17004563DA /* Release */ = {
			isa = XCBuildConfiguration;
			buildSettings = {
				ASSETCATALOG_COMPILER_APPICON_NAME = AppIcon;
				INFOPLIST_FILE = XMLParsing/Info.plist;
				LD_RUNPATH_SEARCH_PATHS = "$(inherited) @executable_path/Frameworks";
				PRODUCT_NAME = "$(TARGET_NAME)";
			};
			name = Release;
		};
		3A20C7371B6DDB17004563DA /* Debug */ = {
			isa = XCBuildConfiguration;
			buildSettings = {
				BUNDLE_LOADER = "$(TEST_HOST)";
				FRAMEWORK_SEARCH_PATHS = (
					"$(SDKROOT)/Developer/Library/Frameworks",
					"$(inherited)",
				);
				GCC_PREPROCESSOR_DEFINITIONS = (
					"DEBUG=1",
					"$(inherited)",
				);
				INFOPLIST_FILE = XMLParsingTests/Info.plist;
				LD_RUNPATH_SEARCH_PATHS = "$(inherited) @executable_path/Frameworks @loader_path/Frameworks";
				PRODUCT_NAME = "$(TARGET_NAME)";
				TEST_HOST = "$(BUILT_PRODUCTS_DIR)/XMLParsing.app/XMLParsing";
			};
			name = Debug;
		};
		3A20C7381B6DDB17004563DA /* Release */ = {
			isa = XCBuildConfiguration;
			buildSettings = {
				BUNDLE_LOADER = "$(TEST_HOST)";
				FRAMEWORK_SEARCH_PATHS = (
					"$(SDKROOT)/Developer/Library/Frameworks",
					"$(inherited)",
				);
				INFOPLIST_FILE = XMLParsingTests/Info.plist;
				LD_RUNPATH_SEARCH_PATHS = "$(inherited) @executable_path/Frameworks @loader_path/Frameworks";
				PRODUCT_NAME = "$(TARGET_NAME)";
				TEST_HOST = "$(BUILT_PRODUCTS_DIR)/XMLParsing.app/XMLParsing";
			};
			name = Release;
		};
/* End XCBuildConfiguration section */

/* Begin XCConfigurationList section */
		3A20C70F1B6DDB17004563DA /* Build configuration list for PBXProject "XMLParsing" */ = {
			isa = XCConfigurationList;
			buildConfigurations = (
				3A20C7311B6DDB17004563DA /* Debug */,
				3A20C7321B6DDB17004563DA /* Release */,
			);
			defaultConfigurationIsVisible = 0;
			defaultConfigurationName = Release;
		};
		3A20C7331B6DDB17004563DA /* Build configuration list for PBXNativeTarget "XMLParsing" */ = {
			isa = XCConfigurationList;
			buildConfigurations = (
				3A20C7341B6DDB17004563DA /* Debug */,
				3A20C7351B6DDB17004563DA /* Release */,
			);
			defaultConfigurationIsVisible = 0;
		};
		3A20C7361B6DDB17004563DA /* Build configuration list for PBXNativeTarget "XMLParsingTests" */ = {
			isa = XCConfigurationList;
			buildConfigurations = (
				3A20C7371B6DDB17004563DA /* Debug */,
				3A20C7381B6DDB17004563DA /* Release */,
			);
			defaultConfigurationIsVisible = 0;
		};
/* End XCConfigurationList section */
	};
	rootObject = 3A20C70C1B6DDB17004563DA /* Project object */;
}
